
Microsoft Visual Studio Solution File, Format Version 12.00
# Visual Studio 15
VisualStudioVersion = 15.0.26124.0
MinimumVisualStudioVersion = 15.0.26124.0
Project("{FAE04EC0-301F-11D3-BF4B-00C04F79EFBC}") = "Web", "Web\Web.csproj", "{06BB2347-8350-480F-98C4-946A89505510}"
EndProject
Project("{FAE04EC0-301F-11D3-BF4B-00C04F79EFBC}") = "Data", "Data\Data.csproj", "{7F569DA4-A950-4CB3-B483-81B4D556A2E7}"
EndProject
Project("{FAE04EC0-301F-11D3-BF4B-00C04F79EFBC}") = "Infrastructure", "Infrastructure\Infrastructure.csproj", "{01E8FBA3-BCB0-4941-A3AC-122CF2E22654}"
EndProject
Global
	GlobalSection(SolutionConfigurationPlatforms) = preSolution
		Debug|Any CPU = Debug|Any CPU
		Debug|x64 = Debug|x64
		Debug|x86 = Debug|x86
		Release|Any CPU = Release|Any CPU
		Release|x64 = Release|x64
		Release|x86 = Release|x86
	EndGlobalSection
	GlobalSection(SolutionProperties) = preSolution
		HideSolutionNode = FALSE
	EndGlobalSection
	GlobalSection(ProjectConfigurationPlatforms) = postSolution
		{06BB2347-8350-480F-98C4-946A89505510}.Debug|Any CPU.ActiveCfg = Debug|Any CPU
		{06BB2347-8350-480F-98C4-946A89505510}.Debug|Any CPU.Build.0 = Debug|Any CPU
		{06BB2347-8350-480F-98C4-946A89505510}.Debug|x64.ActiveCfg = Debug|Any CPU
		{06BB2347-8350-480F-98C4-946A89505510}.Debug|x64.Build.0 = Debug|Any CPU
		{06BB2347-8350-480F-98C4-946A89505510}.Debug|x86.ActiveCfg = Debug|Any CPU
		{06BB2347-8350-480F-98C4-946A89505510}.Debug|x86.Build.0 = Debug|Any CPU
		{06BB2347-8350-480F-98C4-946A89505510}.Release|Any CPU.ActiveCfg = Release|Any CPU
		{06BB2347-8350-480F-98C4-946A89505510}.Release|Any CPU.Build.0 = Release|Any CPU
		{06BB2347-8350-480F-98C4-946A89505510}.Release|x64.ActiveCfg = Release|Any CPU
		{06BB2347-8350-480F-98C4-946A89505510}.Release|x64.Build.0 = Release|Any CPU
		{06BB2347-8350-480F-98C4-946A89505510}.Release|x86.ActiveCfg = Release|Any CPU
		{06BB2347-8350-480F-98C4-946A89505510}.Release|x86.Build.0 = Release|Any CPU
		{7F569DA4-A950-4CB3-B483-81B4D556A2E7}.Debug|Any CPU.ActiveCfg = Debug|Any CPU
		{7F569DA4-A950-4CB3-B483-81B4D556A2E7}.Debug|Any CPU.Build.0 = Debug|Any CPU
		{7F569DA4-A950-4CB3-B483-81B4D556A2E7}.Debug|x64.ActiveCfg = Debug|Any CPU
		{7F569DA4-A950-4CB3-B483-81B4D556A2E7}.Debug|x64.Build.0 = Debug|Any CPU
		{7F569DA4-A950-4CB3-B483-81B4D556A2E7}.Debug|x86.ActiveCfg = Debug|Any CPU
		{7F569DA4-A950-4CB3-B483-81B4D556A2E7}.Debug|x86.Build.0 = Debug|Any CPU
		{7F569DA4-A950-4CB3-B483-81B4D556A2E7}.Release|Any CPU.ActiveCfg = Release|Any CPU
		{7F569DA4-A950-4CB3-B483-81B4D556A2E7}.Release|Any CPU.Build.0 = Release|Any CPU
		{7F569DA4-A950-4CB3-B483-81B4D556A2E7}.Release|x64.ActiveCfg = Release|Any CPU
		{7F569DA4-A950-4CB3-B483-81B4D556A2E7}.Release|x64.Build.0 = Release|Any CPU
		{7F569DA4-A950-4CB3-B483-81B4D556A2E7}.Release|x86.ActiveCfg = Release|Any CPU
		{7F569DA4-A950-4CB3-B483-81B4D556A2E7}.Release|x86.Build.0 = Release|Any CPU
		{01E8FBA3-BCB0-4941-A3AC-122CF2E22654}.Debug|Any CPU.ActiveCfg = Debug|Any CPU
		{01E8FBA3-BCB0-4941-A3AC-122CF2E22654}.Debug|Any CPU.Build.0 = Debug|Any CPU
		{01E8FBA3-BCB0-4941-A3AC-122CF2E22654}.Debug|x64.ActiveCfg = Debug|Any CPU
		{01E8FBA3-BCB0-4941-A3AC-122CF2E22654}.Debug|x64.Build.0 = Debug|Any CPU
		{01E8FBA3-BCB0-4941-A3AC-122CF2E22654}.Debug|x86.ActiveCfg = Debug|Any CPU
		{01E8FBA3-BCB0-4941-A3AC-122CF2E22654}.Debug|x86.Build.0 = Debug|Any CPU
		{01E8FBA3-BCB0-4941-A3AC-122CF2E22654}.Release|Any CPU.ActiveCfg = Release|Any CPU
		{01E8FBA3-BCB0-4941-A3AC-122CF2E22654}.Release|Any CPU.Build.0 = Release|Any CPU
		{01E8FBA3-BCB0-4941-A3AC-122CF2E22654}.Release|x64.ActiveCfg = Release|Any CPU
		{01E8FBA3-BCB0-4941-A3AC-122CF2E22654}.Release|x64.Build.0 = Release|Any CPU
		{01E8FBA3-BCB0-4941-A3AC-122CF2E22654}.Release|x86.ActiveCfg = Release|Any CPU
		{01E8FBA3-BCB0-4941-A3AC-122CF2E22654}.Release|x86.Build.0 = Release|Any CPU
	EndGlobalSection
EndGlobal
